
Microsoft Visual Studio Solution File, Format Version 12.00
# Visual Studio Version 17
VisualStudioVersion = 17.13.35931.197 d17.13
MinimumVisualStudioVersion = 10.0.40219.1
Project("{FAE04EC0-301F-11D3-BF4B-00C04F79EFBC}") = "SpaceScore.API", "SpaceScore.API\SpaceScore.API.csproj", "{B872432A-2336-4E16-BAD0-4F2E8B6BE4CC}"
EndProject
Project("{FAE04EC0-301F-11D3-BF4B-00C04F79EFBC}") = "SpaceScore.BLL", "SpaceScore.BLL\SpaceScore.BLL.csproj", "{5D5068C8-5667-4124-920C-C55737FE8155}"
EndProject
Project("{FAE04EC0-301F-11D3-BF4B-00C04F79EFBC}") = "SpaceScore.DAL", "SpaceScore.DAL\SpaceScore.DAL.csproj", "{36D1120A-4184-439F-AB96-FB1ABAFBDCFA}"
EndProject
Global
	GlobalSection(SolutionConfigurationPlatforms) = preSolution
		Debug|Any CPU = Debug|Any CPU
		Release|Any CPU = Release|Any CPU
	EndGlobalSection
	GlobalSection(ProjectConfigurationPlatforms) = postSolution
		{B872432A-2336-4E16-BAD0-4F2E8B6BE4CC}.Debug|Any CPU.ActiveCfg = Debug|Any CPU
		{B872432A-2336-4E16-BAD0-4F2E8B6BE4CC}.Debug|Any CPU.Build.0 = Debug|Any CPU
		{B872432A-2336-4E16-BAD0-4F2E8B6BE4CC}.Release|Any CPU.ActiveCfg = Release|Any CPU
		{B872432A-2336-4E16-BAD0-4F2E8B6BE4CC}.Release|Any CPU.Build.0 = Release|Any CPU
		{5D5068C8-5667-4124-920C-C55737FE8155}.Debug|Any CPU.ActiveCfg = Debug|Any CPU
		{5D5068C8-5667-4124-920C-C55737FE8155}.Debug|Any CPU.Build.0 = Debug|Any CPU
		{5D5068C8-5667-4124-920C-C55737FE8155}.Release|Any CPU.ActiveCfg = Release|Any CPU
		{5D5068C8-5667-4124-920C-C55737FE8155}.Release|Any CPU.Build.0 = Release|Any CPU
		{36D1120A-4184-439F-AB96-FB1ABAFBDCFA}.Debug|Any CPU.ActiveCfg = Debug|Any CPU
		{36D1120A-4184-439F-AB96-FB1ABAFBDCFA}.Debug|Any CPU.Build.0 = Debug|Any CPU
		{36D1120A-4184-439F-AB96-FB1ABAFBDCFA}.Release|Any CPU.ActiveCfg = Release|Any CPU
		{36D1120A-4184-439F-AB96-FB1ABAFBDCFA}.Release|Any CPU.Build.0 = Release|Any CPU
	EndGlobalSection
	GlobalSection(SolutionProperties) = preSolution
		HideSolutionNode = FALSE
	EndGlobalSection
	GlobalSection(ExtensibilityGlobals) = postSolution
		SolutionGuid = {307E04E1-5DFA-4BBA-A0FD-8DFE64A788BF}
	EndGlobalSection
EndGlobal
